// !$*UTF8*$!
{
	archiveVersion = 1;
	classes = {
	};
	objectVersion = 50;
	objects = {

/* Begin PBXBuildFile section */
		A0C93237276FC43F00785897 /* AppDelegate.swift in Sources */ = {isa = PBXBuildFile; fileRef = A0C93236276FC43F00785897 /* AppDelegate.swift */; };
		A0C93239276FC43F00785897 /* SceneDelegate.swift in Sources */ = {isa = PBXBuildFile; fileRef = A0C93238276FC43F00785897 /* SceneDelegate.swift */; };
		A0C9323B276FC43F00785897 /* ViewController.swift in Sources */ = {isa = PBXBuildFile; fileRef = A0C9323A276FC43F00785897 /* ViewController.swift */; };
		A0C9323E276FC43F00785897 /* Main.storyboard in Resources */ = {isa = PBXBuildFile; fileRef = A0C9323C276FC43F00785897 /* Main.storyboard */; };
		A0C93240276FC44200785897 /* Assets.xcassets in Resources */ = {isa = PBXBuildFile; fileRef = A0C9323F276FC44200785897 /* Assets.xcassets */; };
		A0C93243276FC44200785897 /* LaunchScreen.storyboard in Resources */ = {isa = PBXBuildFile; fileRef = A0C93241276FC44200785897 /* LaunchScreen.storyboard */; };
		A0C93251276FC49A00785897 /* BreedCell.swift in Sources */ = {isa = PBXBuildFile; fileRef = A0C9324E276FC49900785897 /* BreedCell.swift */; };
		A0C93252276FC49A00785897 /* ImageCell.swift in Sources */ = {isa = PBXBuildFile; fileRef = A0C9324F276FC49900785897 /* ImageCell.swift */; };
		A0C93253276FC49A00785897 /* CustomImageView.swift in Sources */ = {isa = PBXBuildFile; fileRef = A0C93250276FC49A00785897 /* CustomImageView.swift */; };
		A0C93257276FC4AC00785897 /* DogsBreedsVC.swift in Sources */ = {isa = PBXBuildFile; fileRef = A0C93254276FC4AC00785897 /* DogsBreedsVC.swift */; };
		A0C93258276FC4AC00785897 /* BreedsImagesVC.swift in Sources */ = {isa = PBXBuildFile; fileRef = A0C93255276FC4AC00785897 /* BreedsImagesVC.swift */; };
		A0C93259276FC4AC00785897 /* WelcomeVC.swift in Sources */ = {isa = PBXBuildFile; fileRef = A0C93256276FC4AC00785897 /* WelcomeVC.swift */; };
		A0C9325D276FC4C400785897 /* Webservice.swift in Sources */ = {isa = PBXBuildFile; fileRef = A0C9325A276FC4C400785897 /* Webservice.swift */; };
		A0C9325E276FC4C400785897 /* Endpoints.swift in Sources */ = {isa = PBXBuildFile; fileRef = A0C9325B276FC4C400785897 /* Endpoints.swift */; };
		A0C9325F276FC4C400785897 /* HttpMethod.swift in Sources */ = {isa = PBXBuildFile; fileRef = A0C9325C276FC4C400785897 /* HttpMethod.swift */; };
		A0C93261276FC4D000785897 /* HttpStatus.swift in Sources */ = {isa = PBXBuildFile; fileRef = A0C93260276FC4D000785897 /* HttpStatus.swift */; };
		A0C93263276FC56200785897 /* Breed.swift in Sources */ = {isa = PBXBuildFile; fileRef = A0C93262276FC56200785897 /* Breed.swift */; };
		A0C93267276FCB1E00785897 /* Extensions.swift in Sources */ = {isa = PBXBuildFile; fileRef = A0C93266276FCB1E00785897 /* Extensions.swift */; };
		A0C9326F276FD18A00785897 /* MobDogTests.swift in Sources */ = {isa = PBXBuildFile; fileRef = A0C9326E276FD18A00785897 /* MobDogTests.swift */; };
/* End PBXBuildFile section */

/* Begin PBXContainerItemProxy section */
		A0C93271276FD18A00785897 /* PBXContainerItemProxy */ = {
			isa = PBXContainerItemProxy;
			containerPortal = A0C9322B276FC43F00785897 /* Project object */;
			proxyType = 1;
			remoteGlobalIDString = A0C93232276FC43F00785897;
			remoteInfo = MobDog;
		};
/* End PBXContainerItemProxy section */

/* Begin PBXFileReference section */
		A0C93233276FC43F00785897 /* MobDog.app */ = {isa = PBXFileReference; explicitFileType = wrapper.application; includeInIndex = 0; path = MobDog.app; sourceTree = BUILT_PRODUCTS_DIR; };
		A0C93236276FC43F00785897 /* AppDelegate.swift */ = {isa = PBXFileReference; lastKnownFileType = sourcecode.swift; path = AppDelegate.swift; sourceTree = "<group>"; };
		A0C93238276FC43F00785897 /* SceneDelegate.swift */ = {isa = PBXFileReference; lastKnownFileType = sourcecode.swift; path = SceneDelegate.swift; sourceTree = "<group>"; };
		A0C9323A276FC43F00785897 /* ViewController.swift */ = {isa = PBXFileReference; lastKnownFileType = sourcecode.swift; path = ViewController.swift; sourceTree = "<group>"; };
		A0C9323D276FC43F00785897 /* Base */ = {isa = PBXFileReference; lastKnownFileType = file.storyboard; name = Base; path = Base.lproj/Main.storyboard; sourceTree = "<group>"; };
		A0C9323F276FC44200785897 /* Assets.xcassets */ = {isa = PBXFileReference; lastKnownFileType = folder.assetcatalog; path = Assets.xcassets; sourceTree = "<group>"; };
		A0C93242276FC44200785897 /* Base */ = {isa = PBXFileReference; lastKnownFileType = file.storyboard; name = Base; path = Base.lproj/LaunchScreen.storyboard; sourceTree = "<group>"; };
		A0C93244276FC44200785897 /* Info.plist */ = {isa = PBXFileReference; lastKnownFileType = text.plist.xml; path = Info.plist; sourceTree = "<group>"; };
		A0C9324E276FC49900785897 /* BreedCell.swift */ = {isa = PBXFileReference; fileEncoding = 4; lastKnownFileType = sourcecode.swift; path = BreedCell.swift; sourceTree = "<group>"; };
		A0C9324F276FC49900785897 /* ImageCell.swift */ = {isa = PBXFileReference; fileEncoding = 4; lastKnownFileType = sourcecode.swift; path = ImageCell.swift; sourceTree = "<group>"; };
		A0C93250276FC49A00785897 /* CustomImageView.swift */ = {isa = PBXFileReference; fileEncoding = 4; lastKnownFileType = sourcecode.swift; path = CustomImageView.swift; sourceTree = "<group>"; };
		A0C93254276FC4AC00785897 /* DogsBreedsVC.swift */ = {isa = PBXFileReference; fileEncoding = 4; lastKnownFileType = sourcecode.swift; path = DogsBreedsVC.swift; sourceTree = "<group>"; };
		A0C93255276FC4AC00785897 /* BreedsImagesVC.swift */ = {isa = PBXFileReference; fileEncoding = 4; lastKnownFileType = sourcecode.swift; path = BreedsImagesVC.swift; sourceTree = "<group>"; };
		A0C93256276FC4AC00785897 /* WelcomeVC.swift */ = {isa = PBXFileReference; fileEncoding = 4; lastKnownFileType = sourcecode.swift; path = WelcomeVC.swift; sourceTree = "<group>"; };
		A0C9325A276FC4C400785897 /* Webservice.swift */ = {isa = PBXFileReference; fileEncoding = 4; lastKnownFileType = sourcecode.swift; path = Webservice.swift; sourceTree = "<group>"; };
		A0C9325B276FC4C400785897 /* Endpoints.swift */ = {isa = PBXFileReference; fileEncoding = 4; lastKnownFileType = sourcecode.swift; path = Endpoints.swift; sourceTree = "<group>"; };
		A0C9325C276FC4C400785897 /* HttpMethod.swift */ = {isa = PBXFileReference; fileEncoding = 4; lastKnownFileType = sourcecode.swift; path = HttpMethod.swift; sourceTree = "<group>"; };
		A0C93260276FC4D000785897 /* HttpStatus.swift */ = {isa = PBXFileReference; fileEncoding = 4; lastKnownFileType = sourcecode.swift; path = HttpStatus.swift; sourceTree = "<group>"; };
		A0C93262276FC56200785897 /* Breed.swift */ = {isa = PBXFileReference; fileEncoding = 4; lastKnownFileType = sourcecode.swift; path = Breed.swift; sourceTree = "<group>"; };
		A0C93266276FCB1E00785897 /* Extensions.swift */ = {isa = PBXFileReference; lastKnownFileType = sourcecode.swift; path = Extensions.swift; sourceTree = "<group>"; };
		A0C9326C276FD18A00785897 /* MobDogTests.xctest */ = {isa = PBXFileReference; explicitFileType = wrapper.cfbundle; includeInIndex = 0; path = MobDogTests.xctest; sourceTree = BUILT_PRODUCTS_DIR; };
		A0C9326E276FD18A00785897 /* MobDogTests.swift */ = {isa = PBXFileReference; lastKnownFileType = sourcecode.swift; path = MobDogTests.swift; sourceTree = "<group>"; };
		A0C93270276FD18A00785897 /* Info.plist */ = {isa = PBXFileReference; lastKnownFileType = text.plist.xml; path = Info.plist; sourceTree = "<group>"; };
/* End PBXFileReference section */

/* Begin PBXFrameworksBuildPhase section */
		A0C93230276FC43F00785897 /* Frameworks */ = {
			isa = PBXFrameworksBuildPhase;
			buildActionMask = 2147483647;
			files = (
			);
			runOnlyForDeploymentPostprocessing = 0;
		};
		A0C93269276FD18A00785897 /* Frameworks */ = {
			isa = PBXFrameworksBuildPhase;
			buildActionMask = 2147483647;
			files = (
			);
			runOnlyForDeploymentPostprocessing = 0;
		};
/* End PBXFrameworksBuildPhase section */

/* Begin PBXGroup section */
		A0C9322A276FC43F00785897 = {
			isa = PBXGroup;
			children = (
				A0C93235276FC43F00785897 /* MobDog */,
				A0C9326D276FD18A00785897 /* MobDogTests */,
				A0C93234276FC43F00785897 /* Products */,
			);
			sourceTree = "<group>";
		};
		A0C93234276FC43F00785897 /* Products */ = {
			isa = PBXGroup;
			children = (
				A0C93233276FC43F00785897 /* MobDog.app */,
				A0C9326C276FD18A00785897 /* MobDogTests.xctest */,
			);
			name = Products;
			sourceTree = "<group>";
		};
		A0C93235276FC43F00785897 /* MobDog */ = {
			isa = PBXGroup;
			children = (
				A0C93244276FC44200785897 /* Info.plist */,
				A0C9324B276FC46100785897 /* Model */,
				A0C9324C276FC46700785897 /* View */,
				A0C9324D276FC46D00785897 /* Controller */,
				A0C9324A276FC45100785897 /* Supporting Files */,
			);
			path = MobDog;
			sourceTree = "<group>";
		};
		A0C9324A276FC45100785897 /* Supporting Files */ = {
			isa = PBXGroup;
			children = (
				A0C93260276FC4D000785897 /* HttpStatus.swift */,
				A0C9325B276FC4C400785897 /* Endpoints.swift */,
				A0C9325C276FC4C400785897 /* HttpMethod.swift */,
				A0C9325A276FC4C400785897 /* Webservice.swift */,
				A0C93236276FC43F00785897 /* AppDelegate.swift */,
				A0C93238276FC43F00785897 /* SceneDelegate.swift */,
				A0C9323A276FC43F00785897 /* ViewController.swift */,
				A0C9323C276FC43F00785897 /* Main.storyboard */,
				A0C9323F276FC44200785897 /* Assets.xcassets */,
				A0C93241276FC44200785897 /* LaunchScreen.storyboard */,
				A0C93266276FCB1E00785897 /* Extensions.swift */,
			);
			path = "Supporting Files";
			sourceTree = "<group>";
		};
		A0C9324B276FC46100785897 /* Model */ = {
			isa = PBXGroup;
			children = (
				A0C93262276FC56200785897 /* Breed.swift */,
			);
			path = Model;
			sourceTree = "<group>";
		};
		A0C9324C276FC46700785897 /* View */ = {
			isa = PBXGroup;
			children = (
				A0C9324E276FC49900785897 /* BreedCell.swift */,
				A0C93250276FC49A00785897 /* CustomImageView.swift */,
				A0C9324F276FC49900785897 /* ImageCell.swift */,
			);
			path = View;
			sourceTree = "<group>";
		};
		A0C9324D276FC46D00785897 /* Controller */ = {
			isa = PBXGroup;
			children = (
				A0C93255276FC4AC00785897 /* BreedsImagesVC.swift */,
				A0C93254276FC4AC00785897 /* DogsBreedsVC.swift */,
				A0C93256276FC4AC00785897 /* WelcomeVC.swift */,
			);
			path = Controller;
			sourceTree = "<group>";
		};
		A0C9326D276FD18A00785897 /* MobDogTests */ = {
			isa = PBXGroup;
			children = (
				A0C9326E276FD18A00785897 /* MobDogTests.swift */,
				A0C93270276FD18A00785897 /* Info.plist */,
			);
			path = MobDogTests;
			sourceTree = "<group>";
		};
/* End PBXGroup section */

/* Begin PBXNativeTarget section */
		A0C93232276FC43F00785897 /* MobDog */ = {
			isa = PBXNativeTarget;
			buildConfigurationList = A0C93247276FC44200785897 /* Build configuration list for PBXNativeTarget "MobDog" */;
			buildPhases = (
				A0C9322F276FC43F00785897 /* Sources */,
				A0C93230276FC43F00785897 /* Frameworks */,
				A0C93231276FC43F00785897 /* Resources */,
			);
			buildRules = (
			);
			dependencies = (
			);
			name = MobDog;
			productName = MobDog;
			productReference = A0C93233276FC43F00785897 /* MobDog.app */;
			productType = "com.apple.product-type.application";
		};
		A0C9326B276FD18A00785897 /* MobDogTests */ = {
			isa = PBXNativeTarget;
			buildConfigurationList = A0C93273276FD18A00785897 /* Build configuration list for PBXNativeTarget "MobDogTests" */;
			buildPhases = (
				A0C93268276FD18A00785897 /* Sources */,
				A0C93269276FD18A00785897 /* Frameworks */,
				A0C9326A276FD18A00785897 /* Resources */,
			);
			buildRules = (
			);
			dependencies = (
				A0C93272276FD18A00785897 /* PBXTargetDependency */,
			);
			name = MobDogTests;
			productName = MobDogTests;
			productReference = A0C9326C276FD18A00785897 /* MobDogTests.xctest */;
			productType = "com.apple.product-type.bundle.unit-test";
		};
/* End PBXNativeTarget section */

/* Begin PBXProject section */
		A0C9322B276FC43F00785897 /* Project object */ = {
			isa = PBXProject;
			attributes = {
				LastSwiftUpdateCheck = 1250;
				LastUpgradeCheck = 1250;
				TargetAttributes = {
					A0C93232276FC43F00785897 = {
						CreatedOnToolsVersion = 12.5.1;
					};
					A0C9326B276FD18A00785897 = {
						CreatedOnToolsVersion = 12.5.1;
						TestTargetID = A0C93232276FC43F00785897;
					};
				};
			};
			buildConfigurationList = A0C9322E276FC43F00785897 /* Build configuration list for PBXProject "MobDog" */;
			compatibilityVersion = "Xcode 9.3";
			developmentRegion = en;
			hasScannedForEncodings = 0;
			knownRegions = (
				en,
				Base,
			);
			mainGroup = A0C9322A276FC43F00785897;
			productRefGroup = A0C93234276FC43F00785897 /* Products */;
			projectDirPath = "";
			projectRoot = "";
			targets = (
				A0C93232276FC43F00785897 /* MobDog */,
				A0C9326B276FD18A00785897 /* MobDogTests */,
			);
		};
/* End PBXProject section */

/* Begin PBXResourcesBuildPhase section */
		A0C93231276FC43F00785897 /* Resources */ = {
			isa = PBXResourcesBuildPhase;
			buildActionMask = 2147483647;
			files = (
				A0C93243276FC44200785897 /* LaunchScreen.storyboard in Resources */,
				A0C93240276FC44200785897 /* Assets.xcassets in Resources */,
				A0C9323E276FC43F00785897 /* Main.storyboard in Resources */,
			);
			runOnlyForDeploymentPostprocessing = 0;
		};
		A0C9326A276FD18A00785897 /* Resources */ = {
			isa = PBXResourcesBuildPhase;
			buildActionMask = 2147483647;
			files = (
			);
			runOnlyForDeploymentPostprocessing = 0;
		};
/* End PBXResourcesBuildPhase section */

/* Begin PBXSourcesBuildPhase section */
		A0C9322F276FC43F00785897 /* Sources */ = {
			isa = PBXSourcesBuildPhase;
			buildActionMask = 2147483647;
			files = (
				A0C93251276FC49A00785897 /* BreedCell.swift in Sources */,
				A0C93253276FC49A00785897 /* CustomImageView.swift in Sources */,
				A0C9323B276FC43F00785897 /* ViewController.swift in Sources */,
				A0C93261276FC4D000785897 /* HttpStatus.swift in Sources */,
				A0C93267276FCB1E00785897 /* Extensions.swift in Sources */,
				A0C93258276FC4AC00785897 /* BreedsImagesVC.swift in Sources */,
				A0C9325F276FC4C400785897 /* HttpMethod.swift in Sources */,
				A0C93257276FC4AC00785897 /* DogsBreedsVC.swift in Sources */,
				A0C93237276FC43F00785897 /* AppDelegate.swift in Sources */,
				A0C93263276FC56200785897 /* Breed.swift in Sources */,
				A0C93259276FC4AC00785897 /* WelcomeVC.swift in Sources */,
				A0C93239276FC43F00785897 /* SceneDelegate.swift in Sources */,
				A0C9325D276FC4C400785897 /* Webservice.swift in Sources */,
				A0C93252276FC49A00785897 /* ImageCell.swift in Sources */,
				A0C9325E276FC4C400785897 /* Endpoints.swift in Sources */,
			);
			runOnlyForDeploymentPostprocessing = 0;
		};
		A0C93268276FD18A00785897 /* Sources */ = {
			isa = PBXSourcesBuildPhase;
			buildActionMask = 2147483647;
			files = (
				A0C9326F276FD18A00785897 /* MobDogTests.swift in Sources */,
			);
			runOnlyForDeploymentPostprocessing = 0;
		};
/* End PBXSourcesBuildPhase section */

/* Begin PBXTargetDependency section */
		A0C93272276FD18A00785897 /* PBXTargetDependency */ = {
			isa = PBXTargetDependency;
			target = A0C93232276FC43F00785897 /* MobDog */;
			targetProxy = A0C93271276FD18A00785897 /* PBXContainerItemProxy */;
		};
/* End PBXTargetDependency section */

/* Begin PBXVariantGroup section */
		A0C9323C276FC43F00785897 /* Main.storyboard */ = {
			isa = PBXVariantGroup;
			children = (
				A0C9323D276FC43F00785897 /* Base */,
			);
			name = Main.storyboard;
			sourceTree = "<group>";
		};
		A0C93241276FC44200785897 /* LaunchScreen.storyboard */ = {
			isa = PBXVariantGroup;
			children = (
				A0C93242276FC44200785897 /* Base */,
			);
			name = LaunchScreen.storyboard;
			sourceTree = "<group>";
		};
/* End PBXVariantGroup section */

/* Begin XCBuildConfiguration section */
		A0C93245276FC44200785897 /* Debug */ = {
			isa = XCBuildConfiguration;
			buildSettings = {
				ALWAYS_SEARCH_USER_PATHS = NO;
				CLANG_ANALYZER_NONNULL = YES;
				CLANG_ANALYZER_NUMBER_OBJECT_CONVERSION = YES_AGGRESSIVE;
				CLANG_CXX_LANGUAGE_STANDARD = "gnu++14";
				CLANG_CXX_LIBRARY = "libc++";
				CLANG_ENABLE_MODULES = YES;
				CLANG_ENABLE_OBJC_ARC = YES;
				CLANG_ENABLE_OBJC_WEAK = YES;
				CLANG_WARN_BLOCK_CAPTURE_AUTORELEASING = YES;
				CLANG_WARN_BOOL_CONVERSION = YES;
				CLANG_WARN_COMMA = YES;
				CLANG_WARN_CONSTANT_CONVERSION = YES;
				CLANG_WARN_DEPRECATED_OBJC_IMPLEMENTATIONS = YES;
				CLANG_WARN_DIRECT_OBJC_ISA_USAGE = YES_ERROR;
				CLANG_WARN_DOCUMENTATION_COMMENTS = YES;
				CLANG_WARN_EMPTY_BODY = YES;
				CLANG_WARN_ENUM_CONVERSION = YES;
				CLANG_WARN_INFINITE_RECURSION = YES;
				CLANG_WARN_INT_CONVERSION = YES;
				CLANG_WARN_NON_LITERAL_NULL_CONVERSION = YES;
				CLANG_WARN_OBJC_IMPLICIT_RETAIN_SELF = YES;
				CLANG_WARN_OBJC_LITERAL_CONVERSION = YES;
				CLANG_WARN_OBJC_ROOT_CLASS = YES_ERROR;
				CLANG_WARN_QUOTED_INCLUDE_IN_FRAMEWORK_HEADER = YES;
				CLANG_WARN_RANGE_LOOP_ANALYSIS = YES;
				CLANG_WARN_STRICT_PROTOTYPES = YES;
				CLANG_WARN_SUSPICIOUS_MOVE = YES;
				CLANG_WARN_UNGUARDED_AVAILABILITY = YES_AGGRESSIVE;
				CLANG_WARN_UNREACHABLE_CODE = YES;
				CLANG_WARN__DUPLICATE_METHOD_MATCH = YES;
				COPY_PHASE_STRIP = NO;
				DEBUG_INFORMATION_FORMAT = dwarf;
				ENABLE_STRICT_OBJC_MSGSEND = YES;
				ENABLE_TESTABILITY = YES;
				GCC_C_LANGUAGE_STANDARD = gnu11;
				GCC_DYNAMIC_NO_PIC = NO;
				GCC_NO_COMMON_BLOCKS = YES;
				GCC_OPTIMIZATION_LEVEL = 0;
				GCC_PREPROCESSOR_DEFINITIONS = (
					"DEBUG=1",
					"$(inherited)",
				);
				GCC_WARN_64_TO_32_BIT_CONVERSION = YES;
				GCC_WARN_ABOUT_RETURN_TYPE = YES_ERROR;
				GCC_WARN_UNDECLARED_SELECTOR = YES;
				GCC_WARN_UNINITIALIZED_AUTOS = YES_AGGRESSIVE;
				GCC_WARN_UNUSED_FUNCTION = YES;
				GCC_WARN_UNUSED_VARIABLE = YES;
				IPHONEOS_DEPLOYMENT_TARGET = 14.5;
				MTL_ENABLE_DEBUG_INFO = INCLUDE_SOURCE;
				MTL_FAST_MATH = YES;
				ONLY_ACTIVE_ARCH = YES;
				SDKROOT = iphoneos;
				SWIFT_ACTIVE_COMPILATION_CONDITIONS = DEBUG;
				SWIFT_OPTIMIZATION_LEVEL = "-Onone";
			};
			name = Debug;
		};
		A0C93246276FC44200785897 /* Release */ = {
			isa = XCBuildConfiguration;
			buildSettings = {
				ALWAYS_SEARCH_USER_PATHS = NO;
				CLANG_ANALYZER_NONNULL = YES;
				CLANG_ANALYZER_NUMBER_OBJECT_CONVERSION = YES_AGGRESSIVE;
				CLANG_CXX_LANGUAGE_STANDARD = "gnu++14";
				CLANG_CXX_LIBRARY = "libc++";
				CLANG_ENABLE_MODULES = YES;
				CLANG_ENABLE_OBJC_ARC = YES;
				CLANG_ENABLE_OBJC_WEAK = YES;
				CLANG_WARN_BLOCK_CAPTURE_AUTORELEASING = YES;
				CLANG_WARN_BOOL_CONVERSION = YES;
				CLANG_WARN_COMMA = YES;
				CLANG_WARN_CONSTANT_CONVERSION = YES;
				CLANG_WARN_DEPRECATED_OBJC_IMPLEMENTATIONS = YES;
				CLANG_WARN_DIRECT_OBJC_ISA_USAGE = YES_ERROR;
				CLANG_WARN_DOCUMENTATION_COMMENTS = YES;
				CLANG_WARN_EMPTY_BODY = YES;
				CLANG_WARN_ENUM_CONVERSION = YES;
				CLANG_WARN_INFINITE_RECURSION = YES;
				CLANG_WARN_INT_CONVERSION = YES;
				CLANG_WARN_NON_LITERAL_NULL_CONVERSION = YES;
				CLANG_WARN_OBJC_IMPLICIT_RETAIN_SELF = YES;
				CLANG_WARN_OBJC_LITERAL_CONVERSION = YES;
				CLANG_WARN_OBJC_ROOT_CLASS = YES_ERROR;
				CLANG_WARN_QUOTED_INCLUDE_IN_FRAMEWORK_HEADER = YES;
				CLANG_WARN_RANGE_LOOP_ANALYSIS = YES;
				CLANG_WARN_STRICT_PROTOTYPES = YES;
				CLANG_WARN_SUSPICIOUS_MOVE = YES;
				CLANG_WARN_UNGUARDED_AVAILABILITY = YES_AGGRESSIVE;
				CLANG_WARN_UNREACHABLE_CODE = YES;
				CLANG_WARN__DUPLICATE_METHOD_MATCH = YES;
				COPY_PHASE_STRIP = NO;
				DEBUG_INFORMATION_FORMAT = "dwarf-with-dsym";
				ENABLE_NS_ASSERTIONS = NO;
				ENABLE_STRICT_OBJC_MSGSEND = YES;
				GCC_C_LANGUAGE_STANDARD = gnu11;
				GCC_NO_COMMON_BLOCKS = YES;
				GCC_WARN_64_TO_32_BIT_CONVERSION = YES;
				GCC_WARN_ABOUT_RETURN_TYPE = YES_ERROR;
				GCC_WARN_UNDECLARED_SELECTOR = YES;
				GCC_WARN_UNINITIALIZED_AUTOS = YES_AGGRESSIVE;
				GCC_WARN_UNUSED_FUNCTION = YES;
				GCC_WARN_UNUSED_VARIABLE = YES;
				IPHONEOS_DEPLOYMENT_TARGET = 14.5;
				MTL_ENABLE_DEBUG_INFO = NO;
				MTL_FAST_MATH = YES;
				SDKROOT = iphoneos;
				SWIFT_COMPILATION_MODE = wholemodule;
				SWIFT_OPTIMIZATION_LEVEL = "-O";
				VALIDATE_PRODUCT = YES;
			};
			name = Release;
		};
		A0C93248276FC44200785897 /* Debug */ = {
			isa = XCBuildConfiguration;
			buildSettings = {
				ASSETCATALOG_COMPILER_APPICON_NAME = AppIcon;
				ASSETCATALOG_COMPILER_GLOBAL_ACCENT_COLOR_NAME = AccentColor;
				CODE_SIGN_STYLE = Automatic;
				DEVELOPMENT_TEAM = ZMR88Z3RES;
				INFOPLIST_FILE = MobDog/Info.plist;
				IPHONEOS_DEPLOYMENT_TARGET = 10.0;
				LD_RUNPATH_SEARCH_PATHS = (
					"$(inherited)",
					"@executable_path/Frameworks",
				);
				PRODUCT_BUNDLE_IDENTIFIER = cl.mpsoluciones.MobDog;
				PRODUCT_NAME = "$(TARGET_NAME)";
				SWIFT_VERSION = 5.0;
				TARGETED_DEVICE_FAMILY = 1;
			};
			name = Debug;
		};
		A0C93249276FC44200785897 /* Release */ = {
			isa = XCBuildConfiguration;
			buildSettings = {
				ASSETCATALOG_COMPILER_APPICON_NAME = AppIcon;
				ASSETCATALOG_COMPILER_GLOBAL_ACCENT_COLOR_NAME = AccentColor;
				CODE_SIGN_STYLE = Automatic;
				DEVELOPMENT_TEAM = ZMR88Z3RES;
				INFOPLIST_FILE = MobDog/Info.plist;
				IPHONEOS_DEPLOYMENT_TARGET = 10.0;
				LD_RUNPATH_SEARCH_PATHS = (
					"$(inherited)",
					"@executable_path/Frameworks",
				);
				PRODUCT_BUNDLE_IDENTIFIER = cl.mpsoluciones.MobDog;
				PRODUCT_NAME = "$(TARGET_NAME)";
				SWIFT_VERSION = 5.0;
				TARGETED_DEVICE_FAMILY = 1;
			};
			name = Release;
		};
		A0C93274276FD18A00785897 /* Debug */ = {
			isa = XCBuildConfiguration;
			buildSettings = {
				BUNDLE_LOADER = "$(TEST_HOST)";
				CODE_SIGN_STYLE = Automatic;
				DEVELOPMENT_TEAM = ZMR88Z3RES;
				INFOPLIST_FILE = MobDogTests/Info.plist;
				LD_RUNPATH_SEARCH_PATHS = (
					"$(inherited)",
					"@executable_path/Frameworks",
					"@loader_path/Frameworks",
				);
				PRODUCT_BUNDLE_IDENTIFIER = cl.mpsoluciones.MobDogTests;
				PRODUCT_NAME = "$(TARGET_NAME)";
				SWIFT_VERSION = 5.0;
				TARGETED_DEVICE_FAMILY = "1,2";
				TEST_HOST = "$(BUILT_PRODUCTS_DIR)/MobDog.app/MobDog";
			};
			name = Debug;
		};
		A0C93275276FD18A00785897 /* Release */ = {
			isa = XCBuildConfiguration;
			buildSettings = {
				BUNDLE_LOADER = "$(TEST_HOST)";
				CODE_SIGN_STYLE = Automatic;
				DEVELOPMENT_TEAM = ZMR88Z3RES;
				INFOPLIST_FILE = MobDogTests/Info.plist;
				LD_RUNPATH_SEARCH_PATHS = (
					"$(inherited)",
					"@executable_path/Frameworks",
					"@loader_path/Frameworks",
				);
				PRODUCT_BUNDLE_IDENTIFIER = cl.mpsoluciones.MobDogTests;
				PRODUCT_NAME = "$(TARGET_NAME)";
				SWIFT_VERSION = 5.0;
				TARGETED_DEVICE_FAMILY = "1,2";
				TEST_HOST = "$(BUILT_PRODUCTS_DIR)/MobDog.app/MobDog";
			};
			name = Release;
		};
/* End XCBuildConfiguration section */

/* Begin XCConfigurationList section */
		A0C9322E276FC43F00785897 /* Build configuration list for PBXProject "MobDog" */ = {
			isa = XCConfigurationList;
			buildConfigurations = (
				A0C93245276FC44200785897 /* Debug */,
				A0C93246276FC44200785897 /* Release */,
			);
			defaultConfigurationIsVisible = 0;
			defaultConfigurationName = Release;
		};
		A0C93247276FC44200785897 /* Build configuration list for PBXNativeTarget "MobDog" */ = {
			isa = XCConfigurationList;
			buildConfigurations = (
				A0C93248276FC44200785897 /* Debug */,
				A0C93249276FC44200785897 /* Release */,
			);
			defaultConfigurationIsVisible = 0;
			defaultConfigurationName = Release;
		};
		A0C93273276FD18A00785897 /* Build configuration list for PBXNativeTarget "MobDogTests" */ = {
			isa = XCConfigurationList;
			buildConfigurations = (
				A0C93274276FD18A00785897 /* Debug */,
				A0C93275276FD18A00785897 /* Release */,
			);
			defaultConfigurationIsVisible = 0;
			defaultConfigurationName = Release;
		};
/* End XCConfigurationList section */
	};
	rootObject = A0C9322B276FC43F00785897 /* Project object */;
}
